
Microsoft Visual Studio Solution File, Format Version 12.00
Project("{FAE04EC0-301F-11D3-BF4B-00C04F79EFBC}") = "float-to-binary", "float-to-binary\float-to-binary.csproj", "{3305787A-E917-46CD-AB2F-AB5BE5A565F1}"
EndProject
Global
	GlobalSection(SolutionConfigurationPlatforms) = preSolution
		Debug|Any CPU = Debug|Any CPU
		Release|Any CPU = Release|Any CPU
	EndGlobalSection
	GlobalSection(ProjectConfigurationPlatforms) = postSolution
		{3305787A-E917-46CD-AB2F-AB5BE5A565F1}.Debug|Any CPU.ActiveCfg = Debug|Any CPU
		{3305787A-E917-46CD-AB2F-AB5BE5A565F1}.Debug|Any CPU.Build.0 = Debug|Any CPU
		{3305787A-E917-46CD-AB2F-AB5BE5A565F1}.Release|Any CPU.ActiveCfg = Release|Any CPU
		{3305787A-E917-46CD-AB2F-AB5BE5A565F1}.Release|Any CPU.Build.0 = Release|Any CPU
	EndGlobalSection
EndGlobal
